
Microsoft Visual Studio Solution File, Format Version 12.00
# Visual Studio Version 17
VisualStudioVersion = 17.0.31903.59
MinimumVisualStudioVersion = 10.0.40219.1
Project("{8BC9CEB8-8B4A-11D0-8D11-00A0C91BC942}") = "SandFox", "SandFox\SandFox.vcxproj", "{3A3D4B09-29A6-4EAB-B7E5-8B4C161E3D97}"
EndProject
Project("{8BC9CEB8-8B4A-11D0-8D11-00A0C91BC942}") = "SandBox", "SandBox\SandBox.vcxproj", "{50F4FC37-AB0E-4823-9A91-970E092FB4BC}"
EndProject
Project("{8BC9CEB8-8B4A-11D0-8D11-00A0C91BC942}") = "SandShed", "SandShed\SandShed.vcxproj", "{1C31714A-E074-466B-9684-963F4F85CE30}"
EndProject
Global
	GlobalSection(SolutionConfigurationPlatforms) = preSolution
		Debug|Win32 = Debug|Win32
		Debug|x64 = Debug|x64
		DebugSafe|Win32 = DebugSafe|Win32
		DebugSafe|x64 = DebugSafe|x64
		Release|Win32 = Release|Win32
		Release|x64 = Release|x64
	EndGlobalSection
	GlobalSection(ProjectConfigurationPlatforms) = postSolution
		{3A3D4B09-29A6-4EAB-B7E5-8B4C161E3D97}.Debug|Win32.ActiveCfg = Debug|Win32
		{3A3D4B09-29A6-4EAB-B7E5-8B4C161E3D97}.Debug|Win32.Build.0 = Debug|Win32
		{3A3D4B09-29A6-4EAB-B7E5-8B4C161E3D97}.Debug|x64.ActiveCfg = Debug|x64
		{3A3D4B09-29A6-4EAB-B7E5-8B4C161E3D97}.Debug|x64.Build.0 = Debug|x64
		{3A3D4B09-29A6-4EAB-B7E5-8B4C161E3D97}.DebugSafe|Win32.ActiveCfg = DebugSafe|Win32
		{3A3D4B09-29A6-4EAB-B7E5-8B4C161E3D97}.DebugSafe|Win32.Build.0 = DebugSafe|Win32
		{3A3D4B09-29A6-4EAB-B7E5-8B4C161E3D97}.DebugSafe|x64.ActiveCfg = DebugSafe|x64
		{3A3D4B09-29A6-4EAB-B7E5-8B4C161E3D97}.DebugSafe|x64.Build.0 = DebugSafe|x64
		{3A3D4B09-29A6-4EAB-B7E5-8B4C161E3D97}.Release|Win32.ActiveCfg = Release|Win32
		{3A3D4B09-29A6-4EAB-B7E5-8B4C161E3D97}.Release|Win32.Build.0 = Release|Win32
		{3A3D4B09-29A6-4EAB-B7E5-8B4C161E3D97}.Release|x64.ActiveCfg = Release|x64
		{3A3D4B09-29A6-4EAB-B7E5-8B4C161E3D97}.Release|x64.Build.0 = Release|x64
		{50F4FC37-AB0E-4823-9A91-970E092FB4BC}.Debug|Win32.ActiveCfg = Debug|Win32
		{50F4FC37-AB0E-4823-9A91-970E092FB4BC}.Debug|Win32.Build.0 = Debug|Win32
		{50F4FC37-AB0E-4823-9A91-970E092FB4BC}.Debug|x64.ActiveCfg = Debug|x64
		{50F4FC37-AB0E-4823-9A91-970E092FB4BC}.Debug|x64.Build.0 = Debug|x64
		{50F4FC37-AB0E-4823-9A91-970E092FB4BC}.DebugSafe|Win32.ActiveCfg = DebugSafe|Win32
		{50F4FC37-AB0E-4823-9A91-970E092FB4BC}.DebugSafe|Win32.Build.0 = DebugSafe|Win32
		{50F4FC37-AB0E-4823-9A91-970E092FB4BC}.DebugSafe|x64.ActiveCfg = DebugSafe|x64
		{50F4FC37-AB0E-4823-9A91-970E092FB4BC}.DebugSafe|x64.Build.0 = DebugSafe|x64
		{50F4FC37-AB0E-4823-9A91-970E092FB4BC}.Release|Win32.ActiveCfg = Release|Win32
		{50F4FC37-AB0E-4823-9A91-970E092FB4BC}.Release|Win32.Build.0 = Release|Win32
		{50F4FC37-AB0E-4823-9A91-970E092FB4BC}.Release|x64.ActiveCfg = Release|x64
		{50F4FC37-AB0E-4823-9A91-970E092FB4BC}.Release|x64.Build.0 = Release|x64
		{1C31714A-E074-466B-9684-963F4F85CE30}.Debug|Win32.ActiveCfg = Debug|x64
		{1C31714A-E074-466B-9684-963F4F85CE30}.Debug|Win32.Build.0 = Debug|x64
		{1C31714A-E074-466B-9684-963F4F85CE30}.Debug|x64.ActiveCfg = Debug|x64
		{1C31714A-E074-466B-9684-963F4F85CE30}.Debug|x64.Build.0 = Debug|x64
		{1C31714A-E074-466B-9684-963F4F85CE30}.DebugSafe|Win32.ActiveCfg = Debug|x64
		{1C31714A-E074-466B-9684-963F4F85CE30}.DebugSafe|Win32.Build.0 = Debug|x64
		{1C31714A-E074-466B-9684-963F4F85CE30}.DebugSafe|x64.ActiveCfg = Debug|x64
		{1C31714A-E074-466B-9684-963F4F85CE30}.DebugSafe|x64.Build.0 = Debug|x64
		{1C31714A-E074-466B-9684-963F4F85CE30}.Release|Win32.ActiveCfg = Release|x64
		{1C31714A-E074-466B-9684-963F4F85CE30}.Release|Win32.Build.0 = Release|x64
		{1C31714A-E074-466B-9684-963F4F85CE30}.Release|x64.ActiveCfg = Release|x64
		{1C31714A-E074-466B-9684-963F4F85CE30}.Release|x64.Build.0 = Release|x64
	EndGlobalSection
	GlobalSection(SolutionProperties) = preSolution
		HideSolutionNode = FALSE
	EndGlobalSection
	GlobalSection(ExtensibilityGlobals) = postSolution
		SolutionGuid = {4E3C727C-D3C0-415B-970F-46EC8C06742C}
	EndGlobalSection
EndGlobal
