<?xml version="1.0" encoding="utf-8"?>
<Project ToolsVersion="4.0" xmlns="http://schemas.microsoft.com/developer/msbuild/2003">
  <ItemGroup>
    <ClCompile Include="src\Graphics.cpp">
      <Filter>Source\%2a Graphics\Graphics</Filter>
    </ClCompile>
    <ClCompile Include="src\Camera.cpp">
      <Filter>Source\%2a Utilities\Camera</Filter>
    </ClCompile>
    <ClCompile Include="src\pch.cpp">
      <Filter>Source\PCH</Filter>
    </ClCompile>
    <ClCompile Include="src\ConstantBuffer.cpp">
      <Filter>Source\%2a Graphics\%2a Bindable\ConstantBuffer</Filter>
    </ClCompile>
    <ClCompile Include="src\CubeInterpolated.cpp">
      <Filter>Source\%2a Graphics\%2a Drawable\CubeInterpolated</Filter>
    </ClCompile>
    <ClCompile Include="src\IndexBuffer.cpp">
      <Filter>Source\%2a Graphics\%2a Bindable\IndexBuffer</Filter>
    </ClCompile>
    <ClCompile Include="src\IBindable.cpp">
      <Filter>Source\%2a Graphics\%2a Bindable\IBindable</Filter>
    </ClCompile>
    <ClCompile Include="src\Drawable.cpp">
      <Filter>Source\%2a Graphics\%2a Drawable\Drawable</Filter>
    </ClCompile>
    <ClCompile Include="src\Input.cpp">
      <Filter>Source\%2a Core\Input</Filter>
    </ClCompile>
    <ClCompile Include="src\Window.cpp">
      <Filter>Source\%2a Core\Window</Filter>
    </ClCompile>
    <ClCompile Include="src\Main.cpp">
      <Filter>Source\%2a Core\Main</Filter>
    </ClCompile>
    <ClCompile Include="src\InputLayout.cpp">
      <Filter>Source\%2a Graphics\%2a Bindable\InputLayout</Filter>
    </ClCompile>
    <ClCompile Include="src\PixelShader.cpp">
      <Filter>Source\%2a Graphics\%2a Bindable\PixelShader</Filter>
    </ClCompile>
    <ClCompile Include="src\SamplerState.cpp">
      <Filter>Source\%2a Graphics\%2a Bindable\SamplerState</Filter>
    </ClCompile>
    <ClCompile Include="src\PrimitiveTopology.cpp">
      <Filter>Source\%2a Graphics\%2a Bindable\PrimitiveTopology</Filter>
    </ClCompile>
    <ClCompile Include="src\SplitTransformConstantBuffer.cpp">
      <Filter>Source\%2a Graphics\%2a Bindable\ConstantBuffer %28Split Transform%29</Filter>
    </ClCompile>
    <ClCompile Include="src\Texture.cpp">
      <Filter>Source\%2a Data Structures\Texture</Filter>
    </ClCompile>
    <ClCompile Include="src\TexturePlane.cpp">
      <Filter>Source\%2a Graphics\%2a Drawable\TexturePlane</Filter>
    </ClCompile>
    <ClCompile Include="src\TransformConstantBuffer.cpp">
      <Filter>Source\%2a Graphics\%2a Bindable\ConstantBuffer %28Transform%29</Filter>
    </ClCompile>
    <ClCompile Include="src\Transform.cpp">
      <Filter>Source\%2a Utilities\Transform</Filter>
    </ClCompile>
    <ClCompile Include="src\VertexBuffer.cpp">
      <Filter>Source\%2a Graphics\%2a Bindable\VertexBuffer</Filter>
    </ClCompile>
    <ClCompile Include="src\VertexShader.cpp">
      <Filter>Source\%2a Graphics\%2a Bindable\VertexShader</Filter>
    </ClCompile>
    <ClCompile Include="src\Mesh.cpp">
      <Filter>Source\%2a Data Structures\Mesh</Filter>
    </ClCompile>
    <ClCompile Include="src\MeshDrawable.cpp">
      <Filter>Source\%2a Graphics\%2a Drawable\Mesh</Filter>
    </ClCompile>
    <ClCompile Include="src\Shader.cpp">
      <Filter>Source\%2a Graphics\Shader</Filter>
    </ClCompile>
    <ClCompile Include="src\ComputeShader.cpp">
      <Filter>Source\%2a Utilities\ComputeShader</Filter>
    </ClCompile>
    <ClCompile Include="src\GeometryShader.cpp">
      <Filter>Source\%2a Graphics\%2a Bindable\GeometryShader</Filter>
    </ClCompile>
    <ClCompile Include="src\Buffer.cpp">
      <Filter>Source\%2a Graphics\%2a Bindable\Buffer</Filter>
    </ClCompile>
    <ClCompile Include="src\ParticleStream.cpp">
      <Filter>Source\%2a Graphics\ParticleStream</Filter>
    </ClCompile>
    <ClCompile Include="src\ImGuiHandler.cpp">
      <Filter>Source\%2a Core\ImGuiHandler</Filter>
    </ClCompile>
    <ClCompile Include="src\ImGui\imgui.cpp">
      <Filter>Source\%2a Libraries\Imgui</Filter>
    </ClCompile>
    <ClCompile Include="src\ImGui\imgui_demo.cpp">
      <Filter>Source\%2a Libraries\Imgui</Filter>
    </ClCompile>
    <ClCompile Include="src\ImGui\imgui_draw.cpp">
      <Filter>Source\%2a Libraries\Imgui</Filter>
    </ClCompile>
    <ClCompile Include="src\ImGui\imgui_impl_dx11.cpp">
      <Filter>Source\%2a Libraries\Imgui</Filter>
    </ClCompile>
    <ClCompile Include="src\ImGui\imgui_impl_win32.cpp">
      <Filter>Source\%2a Libraries\Imgui</Filter>
    </ClCompile>
    <ClCompile Include="src\ImGui\imgui_tables.cpp">
      <Filter>Source\%2a Libraries\Imgui</Filter>
    </ClCompile>
    <ClCompile Include="src\ImGui\imgui_widgets.cpp">
      <Filter>Source\%2a Libraries\Imgui</Filter>
    </ClCompile>
    <ClCompile Include="src\Debug.cpp">
      <Filter>Source\%2a Core\Debug</Filter>
    </ClCompile>
    <ClCompile Include="src\Light.cpp">
      <Filter>Source\%2a Graphics\%2a Light\Light</Filter>
    </ClCompile>
    <ClCompile Include="src\LightHandler.cpp">
      <Filter>Source\%2a Graphics\%2a Light\LightHandler</Filter>
    </ClCompile>
    <ClCompile Include="src\BindHandler.cpp">
      <Filter>Source\%2a Graphics\BindHandler</Filter>
    </ClCompile>
    <ClCompile Include="src\TexSRVArray.cpp">
      <Filter>Source\%2a Data Structures\TexSRVArray</Filter>
    </ClCompile>
  </ItemGroup>
  <ItemGroup>
    <ClInclude Include="src\Graphics.h">
      <Filter>Source\%2a Graphics\Graphics</Filter>
    </ClInclude>
    <ClInclude Include="src\Camera.h">
      <Filter>Source\%2a Utilities\Camera</Filter>
    </ClInclude>
    <ClInclude Include="src\pch.h">
      <Filter>Source\PCH</Filter>
    </ClInclude>
    <ClInclude Include="src\ConstantBuffer.h">
      <Filter>Source\%2a Graphics\%2a Bindable\ConstantBuffer</Filter>
    </ClInclude>
    <ClInclude Include="src\CubeInterpolated.h">
      <Filter>Source\%2a Graphics\%2a Drawable\CubeInterpolated</Filter>
    </ClInclude>
    <ClInclude Include="src\IndexBuffer.h">
      <Filter>Source\%2a Graphics\%2a Bindable\IndexBuffer</Filter>
    </ClInclude>
    <ClInclude Include="src\IBindable.h">
      <Filter>Source\%2a Graphics\%2a Bindable\IBindable</Filter>
    </ClInclude>
    <ClInclude Include="src\Drawable.h">
      <Filter>Source\%2a Graphics\%2a Drawable\Drawable</Filter>
    </ClInclude>
    <ClInclude Include="src\Window.h">
      <Filter>Source\%2a Core\Window</Filter>
    </ClInclude>
    <ClInclude Include="src\Input.h">
      <Filter>Source\%2a Core\Input</Filter>
    </ClInclude>
    <ClInclude Include="src\InputLayout.h">
      <Filter>Source\%2a Graphics\%2a Bindable\InputLayout</Filter>
    </ClInclude>
    <ClInclude Include="src\PixelShader.h">
      <Filter>Source\%2a Graphics\%2a Bindable\PixelShader</Filter>
    </ClInclude>
    <ClInclude Include="src\SamplerState.h">
      <Filter>Source\%2a Graphics\%2a Bindable\SamplerState</Filter>
    </ClInclude>
    <ClInclude Include="src\PrimitiveTopology.h">
      <Filter>Source\%2a Graphics\%2a Bindable\PrimitiveTopology</Filter>
    </ClInclude>
    <ClInclude Include="src\SplitTransformConstantBuffer.h">
      <Filter>Source\%2a Graphics\%2a Bindable\ConstantBuffer %28Split Transform%29</Filter>
    </ClInclude>
    <ClInclude Include="src\Bindables.h">
      <Filter>Source\%2a Graphics\%2a Bindable</Filter>
    </ClInclude>
    <ClInclude Include="src\Texture.h">
      <Filter>Source\%2a Data Structures\Texture</Filter>
    </ClInclude>
    <ClInclude Include="src\TexturePlane.h">
      <Filter>Source\%2a Graphics\%2a Drawable\TexturePlane</Filter>
    </ClInclude>
    <ClInclude Include="src\TransformConstantBuffer.h">
      <Filter>Source\%2a Graphics\%2a Bindable\ConstantBuffer %28Transform%29</Filter>
    </ClInclude>
    <ClInclude Include="src\Transform.h">
      <Filter>Source\%2a Utilities\Transform</Filter>
    </ClInclude>
    <ClInclude Include="src\VertexBuffer.h">
      <Filter>Source\%2a Graphics\%2a Bindable\VertexBuffer</Filter>
    </ClInclude>
    <ClInclude Include="src\VertexShader.h">
      <Filter>Source\%2a Graphics\%2a Bindable\VertexShader</Filter>
    </ClInclude>
    <ClInclude Include="src\Header\SandFox.h">
      <Filter>Source\%2a Core\SandFox</Filter>
    </ClInclude>
    <ClInclude Include="src\SandFoxCore.h">
      <Filter>Source\%2a Core\SandFox</Filter>
    </ClInclude>
    <ClInclude Include="src\SandFoxRendering.h">
      <Filter>Source\%2a Core\SandFox</Filter>
    </ClInclude>
    <ClInclude Include="src\Mesh.h">
      <Filter>Source\%2a Data Structures\Mesh</Filter>
    </ClInclude>
    <ClInclude Include="src\MeshDrawable.h">
      <Filter>Source\%2a Graphics\%2a Drawable\Mesh</Filter>
    </ClInclude>
    <ClInclude Include="src\Shader.h">
      <Filter>Source\%2a Graphics\Shader</Filter>
    </ClInclude>
    <ClInclude Include="src\ComputeShader.h">
      <Filter>Source\%2a Utilities\ComputeShader</Filter>
    </ClInclude>
    <ClInclude Include="src\GeometryShader.h">
      <Filter>Source\%2a Graphics\%2a Bindable\GeometryShader</Filter>
    </ClInclude>
    <ClInclude Include="src\ParticleStream.h">
      <Filter>Source\%2a Graphics\ParticleStream</Filter>
    </ClInclude>
    <ClInclude Include="src\Buffer.h">
      <Filter>Source\%2a Graphics\%2a Bindable\Buffer</Filter>
    </ClInclude>
    <ClInclude Include="src\GraphicsEnums.h">
      <Filter>Source\%2a Graphics\Graphics</Filter>
    </ClInclude>
    <ClInclude Include="src\ImGuiHandler.h">
      <Filter>Source\%2a Core\ImGuiHandler</Filter>
    </ClInclude>
    <ClInclude Include="src\ImGui\imstb_truetype.h">
      <Filter>Source\%2a Libraries\Imgui</Filter>
    </ClInclude>
    <ClInclude Include="src\ImGui\imconfig.h">
      <Filter>Source\%2a Libraries\Imgui</Filter>
    </ClInclude>
    <ClInclude Include="src\ImGui\imgui.h">
      <Filter>Source\%2a Libraries\Imgui</Filter>
    </ClInclude>
    <ClInclude Include="src\ImGui\imgui_impl_dx11.h">
      <Filter>Source\%2a Libraries\Imgui</Filter>
    </ClInclude>
    <ClInclude Include="src\ImGui\imgui_impl_win32.h">
      <Filter>Source\%2a Libraries\Imgui</Filter>
    </ClInclude>
    <ClInclude Include="src\ImGui\imgui_internal.h">
      <Filter>Source\%2a Libraries\Imgui</Filter>
    </ClInclude>
    <ClInclude Include="src\ImGui\imstb_rectpack.h">
      <Filter>Source\%2a Libraries\Imgui</Filter>
    </ClInclude>
    <ClInclude Include="src\ImGui\imstb_textedit.h">
      <Filter>Source\%2a Libraries\Imgui</Filter>
    </ClInclude>
    <ClInclude Include="src\Debug.h">
      <Filter>Source\%2a Core\Debug</Filter>
    </ClInclude>
    <ClInclude Include="src\Light.h">
      <Filter>Source\%2a Graphics\%2a Light\Light</Filter>
    </ClInclude>
    <ClInclude Include="src\LightHandler.h">
      <Filter>Source\%2a Graphics\%2a Light\LightHandler</Filter>
    </ClInclude>
    <ClInclude Include="src\Constants.h">
      <Filter>Source\%2a Core\Constants</Filter>
    </ClInclude>
    <ClInclude Include="src\BindHandler.h">
      <Filter>Source\%2a Graphics\BindHandler</Filter>
    </ClInclude>
    <ClInclude Include="src\BindInfo.h">
      <Filter>Source\%2a Graphics</Filter>
    </ClInclude>
    <ClInclude Include="src\TexSRVArray.h">
      <Filter>Source\%2a Data Structures\TexSRVArray</Filter>
    </ClInclude>
  </ItemGroup>
  <ItemGroup>
    <Filter Include="Source">
      <UniqueIdentifier>{87ea0c17-0653-4660-a9ca-e532db155c60}</UniqueIdentifier>
    </Filter>
    <Filter Include="%2a Libraries">
      <UniqueIdentifier>{396d23ce-0f3d-4f78-92e0-4440cd96b02a}</UniqueIdentifier>
    </Filter>
    <Filter Include="%2a Libraries\imgui">
      <UniqueIdentifier>{ac0cb4df-2b46-4e33-919e-aa05868568c6}</UniqueIdentifier>
    </Filter>
    <Filter Include="Shaders">
      <UniqueIdentifier>{06970adc-70fe-41b5-a54b-de84fcae09c9}</UniqueIdentifier>
    </Filter>
    <Filter Include="Source\%2a Core">
      <UniqueIdentifier>{2c35c813-f57c-49bb-9e68-e6778705304d}</UniqueIdentifier>
    </Filter>
    <Filter Include="Source\%2a Core\Main">
      <UniqueIdentifier>{73fed256-582b-4d05-9da5-f910df5e8cec}</UniqueIdentifier>
    </Filter>
    <Filter Include="Source\%2a Core\Input">
      <UniqueIdentifier>{2762d0de-f5e9-4ed4-a7a7-b385dcf37c6f}</UniqueIdentifier>
    </Filter>
    <Filter Include="Source\%2a Core\SandFox">
      <UniqueIdentifier>{6ffe8657-5cc3-4032-8a85-6867158be31d}</UniqueIdentifier>
    </Filter>
    <Filter Include="Source\%2a Core\Window">
      <UniqueIdentifier>{906ac5d4-c319-418d-8db5-75c9f639b434}</UniqueIdentifier>
    </Filter>
    <Filter Include="Source\%2a Utilities">
      <UniqueIdentifier>{25d1217f-998f-43b2-bb4d-80af5c29f9be}</UniqueIdentifier>
    </Filter>
    <Filter Include="Source\%2a Utilities\Camera">
      <UniqueIdentifier>{dd982357-ea39-4d4d-8dfc-ebebfdf4add1}</UniqueIdentifier>
    </Filter>
    <Filter Include="Source\PCH">
      <UniqueIdentifier>{a3713f15-bec0-4008-8513-8206c636c3e4}</UniqueIdentifier>
    </Filter>
    <Filter Include="Source\%2a Utilities\Transform">
      <UniqueIdentifier>{e95074e2-46ac-484d-a39e-18745b47a01a}</UniqueIdentifier>
    </Filter>
    <Filter Include="Source\%2a Data Structures">
      <UniqueIdentifier>{217b0e5d-9af3-475b-9630-135c55621442}</UniqueIdentifier>
    </Filter>
    <Filter Include="Source\%2a Data Structures\Texture">
      <UniqueIdentifier>{9963fae5-a128-4db1-b977-72798bd3b3cd}</UniqueIdentifier>
    </Filter>
    <Filter Include="Source\%2a Graphics">
      <UniqueIdentifier>{ae8e74a5-a4bd-4dd7-b0a1-34342768272a}</UniqueIdentifier>
    </Filter>
    <Filter Include="Source\%2a Graphics\Graphics">
      <UniqueIdentifier>{157e7022-7b77-45b8-a9b6-5e893fce90b8}</UniqueIdentifier>
    </Filter>
    <Filter Include="Source\%2a Graphics\%2a Bindable">
      <UniqueIdentifier>{2bd0a411-0034-4e40-a6ce-262ed8daaada}</UniqueIdentifier>
    </Filter>
    <Filter Include="Source\%2a Graphics\%2a Bindable\IndexBuffer">
      <UniqueIdentifier>{f69df48a-e0a5-4e3f-92c6-5cfb2e7f4d70}</UniqueIdentifier>
    </Filter>
    <Filter Include="Source\%2a Graphics\%2a Bindable\ConstantBuffer">
      <UniqueIdentifier>{30c1ac32-0d44-4192-b129-12372261b6a4}</UniqueIdentifier>
    </Filter>
    <Filter Include="Source\%2a Graphics\%2a Bindable\IBindable">
      <UniqueIdentifier>{0a153c6f-e008-42d1-9d52-c04f68f4f8e1}</UniqueIdentifier>
    </Filter>
    <Filter Include="Source\%2a Graphics\%2a Bindable\InputLayout">
      <UniqueIdentifier>{da2016fa-d8bd-4dc7-b5b4-28e81633ce8b}</UniqueIdentifier>
    </Filter>
    <Filter Include="Source\%2a Graphics\%2a Bindable\ConstantBuffer %28Split Transform%29">
      <UniqueIdentifier>{44e72e31-af57-4526-baa8-902d32dd921f}</UniqueIdentifier>
    </Filter>
    <Filter Include="Source\%2a Graphics\%2a Bindable\SamplerState">
      <UniqueIdentifier>{358b5d26-9f8c-49b6-9202-dd60ffea28c1}</UniqueIdentifier>
    </Filter>
    <Filter Include="Source\%2a Graphics\%2a Bindable\PrimitiveTopology">
      <UniqueIdentifier>{df1c34f1-0fe3-4c8e-98cb-a4c9c2438b40}</UniqueIdentifier>
    </Filter>
    <Filter Include="Source\%2a Graphics\%2a Bindable\PixelShader">
      <UniqueIdentifier>{1c165f08-53a3-4379-af02-6b4451582d77}</UniqueIdentifier>
    </Filter>
    <Filter Include="Source\%2a Graphics\%2a Bindable\ConstantBuffer %28Transform%29">
      <UniqueIdentifier>{a4812037-9ef9-42dd-b6de-591288afc56f}</UniqueIdentifier>
    </Filter>
    <Filter Include="Source\%2a Graphics\%2a Bindable\VertexBuffer">
      <UniqueIdentifier>{1bddbff6-5b78-44a5-a07f-ed3efc68cddd}</UniqueIdentifier>
    </Filter>
    <Filter Include="Source\%2a Graphics\%2a Bindable\VertexShader">
      <UniqueIdentifier>{8f7c7458-357f-4e6b-8b12-248913ddfa67}</UniqueIdentifier>
    </Filter>
    <Filter Include="Source\%2a Graphics\%2a Drawable">
      <UniqueIdentifier>{5586fb7a-e1d4-4638-b2fa-229c6a218042}</UniqueIdentifier>
    </Filter>
    <Filter Include="Source\%2a Graphics\%2a Drawable\Drawable">
      <UniqueIdentifier>{36c8684b-5581-4850-8b87-502f5e33572f}</UniqueIdentifier>
    </Filter>
    <Filter Include="Source\%2a Graphics\%2a Drawable\CubeInterpolated">
      <UniqueIdentifier>{8ffac007-894a-47df-919d-827d3372ba0d}</UniqueIdentifier>
    </Filter>
    <Filter Include="Source\%2a Graphics\%2a Drawable\TexturePlane">
      <UniqueIdentifier>{7d3b6d86-2100-4878-99d9-504b5dfeecca}</UniqueIdentifier>
    </Filter>
    <Filter Include="Source\%2a Graphics\%2a Drawable\Mesh">
      <UniqueIdentifier>{464655cb-5ac3-430c-a039-de2c472fdc7f}</UniqueIdentifier>
    </Filter>
    <Filter Include="Source\%2a Graphics\Shader">
      <UniqueIdentifier>{066c92dd-0c04-4bdd-8463-9b4ddfd470a8}</UniqueIdentifier>
    </Filter>
    <Filter Include="Source\%2a Utilities\ComputeShader">
      <UniqueIdentifier>{02e5e8f9-be12-447c-9183-4a5bce2da06e}</UniqueIdentifier>
    </Filter>
    <Filter Include="Source\%2a Libraries">
      <UniqueIdentifier>{ebbda233-5c9e-4399-a677-a4d14f99201f}</UniqueIdentifier>
    </Filter>
    <Filter Include="Source\%2a Libraries\Imgui">
      <UniqueIdentifier>{ecb817c3-eb98-497c-ab7c-099113bfd82c}</UniqueIdentifier>
    </Filter>
    <Filter Include="Source\%2a Graphics\%2a Bindable\GeometryShader">
      <UniqueIdentifier>{5b597d15-766f-409a-b16a-7abcb890359b}</UniqueIdentifier>
    </Filter>
    <Filter Include="Source\%2a Graphics\%2a Bindable\Buffer">
      <UniqueIdentifier>{27cd12a9-6ff6-41d6-88d0-cc9bdf15b365}</UniqueIdentifier>
    </Filter>
    <Filter Include="Source\%2a Graphics\ParticleStream">
      <UniqueIdentifier>{49b2e336-3f90-4370-b934-404d540cf04e}</UniqueIdentifier>
    </Filter>
    <Filter Include="Source\%2a Data Structures\Mesh">
      <UniqueIdentifier>{6c7e197c-a240-4fef-b7fa-b543f7d014e0}</UniqueIdentifier>
    </Filter>
    <Filter Include="Source\%2a Core\ImGuiHandler">
      <UniqueIdentifier>{bcdab947-cd92-41d4-9237-c65ebf6c3835}</UniqueIdentifier>
    </Filter>
    <Filter Include="Source\%2a Core\Debug">
      <UniqueIdentifier>{c4da21e1-c609-4fad-b165-1d14c3f4eb29}</UniqueIdentifier>
    </Filter>
    <Filter Include="Source\%2a Graphics\%2a Light">
      <UniqueIdentifier>{e0a917d0-565a-4020-aab5-9f0851f7a912}</UniqueIdentifier>
    </Filter>
    <Filter Include="Source\%2a Graphics\%2a Light\Light">
      <UniqueIdentifier>{7fdcf0bc-0bee-4ada-92bd-35e287918be0}</UniqueIdentifier>
    </Filter>
    <Filter Include="Source\%2a Graphics\%2a Light\LightHandler">
      <UniqueIdentifier>{494e7bf0-a922-46fd-9fee-8a464243ead4}</UniqueIdentifier>
    </Filter>
    <Filter Include="Source\%2a Core\Constants">
      <UniqueIdentifier>{2146d53e-2909-4713-9578-b154720302e1}</UniqueIdentifier>
    </Filter>
    <Filter Include="Source\%2a Graphics\BindHandler">
      <UniqueIdentifier>{885f6a36-8b26-4107-b38a-b763dd44c1ce}</UniqueIdentifier>
    </Filter>
    <Filter Include="Source\%2a Data Structures\TexSRVArray">
      <UniqueIdentifier>{4125e99c-c8d1-40a6-a79d-9ad67e4de7f3}</UniqueIdentifier>
    </Filter>
  </ItemGroup>
  <ItemGroup>
    <Text Include="Exclude.txt" />
  </ItemGroup>
  <ItemGroup>
    <FxCompile Include="src\Shaders\VSStandard.hlsl">
      <Filter>Shaders</Filter>
    </FxCompile>
    <FxCompile Include="src\Shaders\PSBasicOpaque.hlsl">
      <Filter>Shaders</Filter>
    </FxCompile>
    <FxCompile Include="src\Shaders\PSPhongTextured.hlsl">
      <Filter>Shaders</Filter>
    </FxCompile>
    <FxCompile Include="src\Shaders\VSColor.hlsl">
      <Filter>Shaders</Filter>
    </FxCompile>
    <FxCompile Include="src\Shaders\D_CSPhong.hlsl">
      <Filter>Shaders</Filter>
    </FxCompile>
    <FxCompile Include="src\Shaders\D_PSPhongMapped.hlsl">
      <Filter>Shaders</Filter>
    </FxCompile>
    <FxCompile Include="src\Shaders\PSPhongMapped.hlsl">
      <Filter>Shaders</Filter>
    </FxCompile>
    <FxCompile Include="src\Shaders\D_PSPhongTextured.hlsl">
      <Filter>Shaders</Filter>
    </FxCompile>
    <FxCompile Include="src\Shaders\P_GSBillboard.hlsl">
      <Filter>Shaders</Filter>
    </FxCompile>
    <FxCompile Include="src\Shaders\P_CSParticleBasic.hlsl">
      <Filter>Shaders</Filter>
    </FxCompile>
    <FxCompile Include="src\Shaders\P_VSBillboard.hlsl">
      <Filter>Shaders</Filter>
    </FxCompile>
    <FxCompile Include="src\Shaders\P_PSBillboard.hlsl">
      <Filter>Shaders</Filter>
    </FxCompile>
    <FxCompile Include="src\Shaders\D_P_PSBillboard.hlsl">
      <Filter>Shaders</Filter>
    </FxCompile>
    <FxCompile Include="src\Shaders\CSCopyTexture.hlsl">
      <Filter>Shaders</Filter>
    </FxCompile>
  </ItemGroup>
  <ItemGroup>
    <None Include="src\Shaders\H_PhongAlg.hlsli">
      <Filter>Shaders</Filter>
    </None>
    <None Include="src\Shaders\H_Constants.hlsli">
      <Filter>Shaders</Filter>
    </None>
  </ItemGroup>
</Project>